// !$*UTF8*$!
{
	archiveVersion = 1;
	classes = {
	};
	objectVersion = 51;
	objects = {

/* Begin PBXBuildFile section */
		184AC7AF264BB36000B086AD /* AppDelegate.swift in Sources */ = {isa = PBXBuildFile; fileRef = 184AC7AE264BB36000B086AD /* AppDelegate.swift */; };
		184AC7B1264BB36000B086AD /* SceneDelegate.swift in Sources */ = {isa = PBXBuildFile; fileRef = 184AC7B0264BB36000B086AD /* SceneDelegate.swift */; };
		184AC7B3264BB36000B086AD /* PropertyListViewController.swift in Sources */ = {isa = PBXBuildFile; fileRef = 184AC7B2264BB36000B086AD /* PropertyListViewController.swift */; };
		184AC7B6264BB36000B086AD /* Main.storyboard in Resources */ = {isa = PBXBuildFile; fileRef = 184AC7B4264BB36000B086AD /* Main.storyboard */; };
		184AC7B8264BB36100B086AD /* Assets.xcassets in Resources */ = {isa = PBXBuildFile; fileRef = 184AC7B7264BB36100B086AD /* Assets.xcassets */; };
		184AC7BB264BB36100B086AD /* LaunchScreen.storyboard in Resources */ = {isa = PBXBuildFile; fileRef = 184AC7B9264BB36100B086AD /* LaunchScreen.storyboard */; };
		184AC7CB264BBAD600B086AD /* PropertyListResponse.swift in Sources */ = {isa = PBXBuildFile; fileRef = 184AC7CA264BBAD600B086AD /* PropertyListResponse.swift */; };
		184AC7D0264BC97A00B086AD /* NetworkReachability.swift in Sources */ = {isa = PBXBuildFile; fileRef = 184AC7CF264BC97A00B086AD /* NetworkReachability.swift */; };
		184AC7D3264BC99B00B086AD /* APIHelper.swift in Sources */ = {isa = PBXBuildFile; fileRef = 184AC7D2264BC99B00B086AD /* APIHelper.swift */; };
		184AC7D6264BCAC600B086AD /* Constants.swift in Sources */ = {isa = PBXBuildFile; fileRef = 184AC7D5264BCAC500B086AD /* Constants.swift */; };
		184AC7E5264CCE5500B086AD /* PropertyListViewModel.swift in Sources */ = {isa = PBXBuildFile; fileRef = 184AC7E4264CCE5500B086AD /* PropertyListViewModel.swift */; };
		18D54FE5265218B300E7E78B /* PropertyCollectionCell.swift in Sources */ = {isa = PBXBuildFile; fileRef = 18D54FE4265218B300E7E78B /* PropertyCollectionCell.swift */; };
		18D54FE82652203000E7E78B /* PropertyDetailViewController.swift in Sources */ = {isa = PBXBuildFile; fileRef = 18D54FE72652203000E7E78B /* PropertyDetailViewController.swift */; };
		18D54FEE2652612700E7E78B /* PropertyCollectionCellViewModel.swift in Sources */ = {isa = PBXBuildFile; fileRef = 18D54FED2652612700E7E78B /* PropertyCollectionCellViewModel.swift */; };
		18D550032652B32000E7E78B /* Box.swift in Sources */ = {isa = PBXBuildFile; fileRef = 18D550022652B32000E7E78B /* Box.swift */; };
		18D550152652B6DE00E7E78B /* Extensions.swift in Sources */ = {isa = PBXBuildFile; fileRef = 18D550142652B6DE00E7E78B /* Extensions.swift */; };
		472F0EC2F450BA4ABBA9CD99 /* Pods_PropertyApp.framework in Frameworks */ = {isa = PBXBuildFile; fileRef = 2DC0A00AC304F9B0C3FCE1F0 /* Pods_PropertyApp.framework */; };
/* End PBXBuildFile section */

/* Begin PBXFileReference section */
		184AC7AB264BB36000B086AD /* PropertyApp.app */ = {isa = PBXFileReference; explicitFileType = wrapper.application; includeInIndex = 0; path = PropertyApp.app; sourceTree = BUILT_PRODUCTS_DIR; };
		184AC7AE264BB36000B086AD /* AppDelegate.swift */ = {isa = PBXFileReference; lastKnownFileType = sourcecode.swift; path = AppDelegate.swift; sourceTree = "<group>"; };
		184AC7B0264BB36000B086AD /* SceneDelegate.swift */ = {isa = PBXFileReference; lastKnownFileType = sourcecode.swift; path = SceneDelegate.swift; sourceTree = "<group>"; };
		184AC7B2264BB36000B086AD /* PropertyListViewController.swift */ = {isa = PBXFileReference; lastKnownFileType = sourcecode.swift; path = PropertyListViewController.swift; sourceTree = "<group>"; };
		184AC7B5264BB36000B086AD /* Base */ = {isa = PBXFileReference; lastKnownFileType = file.storyboard; name = Base; path = Base.lproj/Main.storyboard; sourceTree = "<group>"; };
		184AC7B7264BB36100B086AD /* Assets.xcassets */ = {isa = PBXFileReference; lastKnownFileType = folder.assetcatalog; path = Assets.xcassets; sourceTree = "<group>"; };
		184AC7BA264BB36100B086AD /* Base */ = {isa = PBXFileReference; lastKnownFileType = file.storyboard; name = Base; path = Base.lproj/LaunchScreen.storyboard; sourceTree = "<group>"; };
		184AC7BC264BB36100B086AD /* Info.plist */ = {isa = PBXFileReference; lastKnownFileType = text.plist.xml; path = Info.plist; sourceTree = "<group>"; };
		184AC7CA264BBAD600B086AD /* PropertyListResponse.swift */ = {isa = PBXFileReference; lastKnownFileType = sourcecode.swift; path = PropertyListResponse.swift; sourceTree = "<group>"; };
		184AC7CF264BC97A00B086AD /* NetworkReachability.swift */ = {isa = PBXFileReference; lastKnownFileType = sourcecode.swift; path = NetworkReachability.swift; sourceTree = "<group>"; };
		184AC7D2264BC99B00B086AD /* APIHelper.swift */ = {isa = PBXFileReference; lastKnownFileType = sourcecode.swift; path = APIHelper.swift; sourceTree = "<group>"; };
		184AC7D5264BCAC500B086AD /* Constants.swift */ = {isa = PBXFileReference; lastKnownFileType = sourcecode.swift; path = Constants.swift; sourceTree = "<group>"; };
		184AC7E4264CCE5500B086AD /* PropertyListViewModel.swift */ = {isa = PBXFileReference; lastKnownFileType = sourcecode.swift; path = PropertyListViewModel.swift; sourceTree = "<group>"; };
		18D54FE4265218B300E7E78B /* PropertyCollectionCell.swift */ = {isa = PBXFileReference; lastKnownFileType = sourcecode.swift; path = PropertyCollectionCell.swift; sourceTree = "<group>"; };
		18D54FE72652203000E7E78B /* PropertyDetailViewController.swift */ = {isa = PBXFileReference; lastKnownFileType = sourcecode.swift; path = PropertyDetailViewController.swift; sourceTree = "<group>"; };
		18D54FED2652612700E7E78B /* PropertyCollectionCellViewModel.swift */ = {isa = PBXFileReference; lastKnownFileType = sourcecode.swift; path = PropertyCollectionCellViewModel.swift; sourceTree = "<group>"; };
		18D550022652B32000E7E78B /* Box.swift */ = {isa = PBXFileReference; lastKnownFileType = sourcecode.swift; path = Box.swift; sourceTree = "<group>"; };
		18D550142652B6DE00E7E78B /* Extensions.swift */ = {isa = PBXFileReference; lastKnownFileType = sourcecode.swift; path = Extensions.swift; sourceTree = "<group>"; };
		2DC0A00AC304F9B0C3FCE1F0 /* Pods_PropertyApp.framework */ = {isa = PBXFileReference; explicitFileType = wrapper.framework; includeInIndex = 0; path = Pods_PropertyApp.framework; sourceTree = BUILT_PRODUCTS_DIR; };
		62EC805594EEF349C334EC7F /* Pods-PropertyApp.release.xcconfig */ = {isa = PBXFileReference; includeInIndex = 1; lastKnownFileType = text.xcconfig; name = "Pods-PropertyApp.release.xcconfig"; path = "Target Support Files/Pods-PropertyApp/Pods-PropertyApp.release.xcconfig"; sourceTree = "<group>"; };
		F3FF55BEAB5DC35279BE6982 /* Pods-PropertyApp.debug.xcconfig */ = {isa = PBXFileReference; includeInIndex = 1; lastKnownFileType = text.xcconfig; name = "Pods-PropertyApp.debug.xcconfig"; path = "Target Support Files/Pods-PropertyApp/Pods-PropertyApp.debug.xcconfig"; sourceTree = "<group>"; };
/* End PBXFileReference section */

/* Begin PBXFrameworksBuildPhase section */
		184AC7A8264BB36000B086AD /* Frameworks */ = {
			isa = PBXFrameworksBuildPhase;
			buildActionMask = 2147483647;
			files = (
				472F0EC2F450BA4ABBA9CD99 /* Pods_PropertyApp.framework in Frameworks */,
			);
			runOnlyForDeploymentPostprocessing = 0;
		};
/* End PBXFrameworksBuildPhase section */

/* Begin PBXGroup section */
		184AC7A2264BB36000B086AD = {
			isa = PBXGroup;
			children = (
				184AC7AD264BB36000B086AD /* PropertyApp */,
				184AC7AC264BB36000B086AD /* Products */,
				8F8900302A8753A14C50B289 /* Pods */,
				8896455E3C806DFE4DA7C73F /* Frameworks */,
			);
			sourceTree = "<group>";
		};
		184AC7AC264BB36000B086AD /* Products */ = {
			isa = PBXGroup;
			children = (
				184AC7AB264BB36000B086AD /* PropertyApp.app */,
			);
			name = Products;
			sourceTree = "<group>";
		};
		184AC7AD264BB36000B086AD /* PropertyApp */ = {
			isa = PBXGroup;
			children = (
				184AC7CE264BC95800B086AD /* Helper */,
				184AC7C9264BBA5300B086AD /* ViewModel */,
				184AC7C7264BB3A600B086AD /* Model */,
				184AC7C6264BB39300B086AD /* ViewController */,
				184AC7C3264BB37300B086AD /* AppSpecific */,
				184AC7B4264BB36000B086AD /* Main.storyboard */,
				184AC7B7264BB36100B086AD /* Assets.xcassets */,
				184AC7B9264BB36100B086AD /* LaunchScreen.storyboard */,
				184AC7BC264BB36100B086AD /* Info.plist */,
			);
			path = PropertyApp;
			sourceTree = "<group>";
		};
		184AC7C3264BB37300B086AD /* AppSpecific */ = {
			isa = PBXGroup;
			children = (
				184AC7B0264BB36000B086AD /* SceneDelegate.swift */,
				184AC7AE264BB36000B086AD /* AppDelegate.swift */,
			);
			path = AppSpecific;
			sourceTree = "<group>";
		};
		184AC7C6264BB39300B086AD /* ViewController */ = {
			isa = PBXGroup;
			children = (
				184AC7B2264BB36000B086AD /* PropertyListViewController.swift */,
				18D54FE72652203000E7E78B /* PropertyDetailViewController.swift */,
				184AC7D8264CC21A00B086AD /* Cell */,
			);
			path = ViewController;
			sourceTree = "<group>";
		};
		184AC7C7264BB3A600B086AD /* Model */ = {
			isa = PBXGroup;
			children = (
				184AC7CA264BBAD600B086AD /* PropertyListResponse.swift */,
			);
			path = Model;
			sourceTree = "<group>";
		};
		184AC7C9264BBA5300B086AD /* ViewModel */ = {
			isa = PBXGroup;
			children = (
				184AC7E4264CCE5500B086AD /* PropertyListViewModel.swift */,
				18D54FED2652612700E7E78B /* PropertyCollectionCellViewModel.swift */,
			);
			path = ViewModel;
			sourceTree = "<group>";
		};
		184AC7CE264BC95800B086AD /* Helper */ = {
			isa = PBXGroup;
			children = (
				184AC7CF264BC97A00B086AD /* NetworkReachability.swift */,
				184AC7D2264BC99B00B086AD /* APIHelper.swift */,
				184AC7D5264BCAC500B086AD /* Constants.swift */,
				18D550022652B32000E7E78B /* Box.swift */,
				18D550142652B6DE00E7E78B /* Extensions.swift */,
			);
			path = Helper;
			sourceTree = "<group>";
		};
		184AC7D8264CC21A00B086AD /* Cell */ = {
			isa = PBXGroup;
			children = (
				18D54FE4265218B300E7E78B /* PropertyCollectionCell.swift */,
			);
			path = Cell;
			sourceTree = "<group>";
		};
		8896455E3C806DFE4DA7C73F /* Frameworks */ = {
			isa = PBXGroup;
			children = (
				2DC0A00AC304F9B0C3FCE1F0 /* Pods_PropertyApp.framework */,
			);
			name = Frameworks;
			sourceTree = "<group>";
		};
		8F8900302A8753A14C50B289 /* Pods */ = {
			isa = PBXGroup;
			children = (
				F3FF55BEAB5DC35279BE6982 /* Pods-PropertyApp.debug.xcconfig */,
				62EC805594EEF349C334EC7F /* Pods-PropertyApp.release.xcconfig */,
			);
			path = Pods;
			sourceTree = "<group>";
		};
/* End PBXGroup section */

/* Begin PBXNativeTarget section */
		184AC7AA264BB36000B086AD /* PropertyApp */ = {
			isa = PBXNativeTarget;
			buildConfigurationList = 184AC7BF264BB36100B086AD /* Build configuration list for PBXNativeTarget "PropertyApp" */;
			buildPhases = (
				87D1A0D0016AF522F1101478 /* [CP] Check Pods Manifest.lock */,
				184AC7A7264BB36000B086AD /* Sources */,
				184AC7A8264BB36000B086AD /* Frameworks */,
				184AC7A9264BB36000B086AD /* Resources */,
				947BB5A80663BFC3AC2C1763 /* [CP] Embed Pods Frameworks */,
			);
			buildRules = (
			);
			dependencies = (
			);
			name = PropertyApp;
			productName = PropertyApp;
			productReference = 184AC7AB264BB36000B086AD /* PropertyApp.app */;
			productType = "com.apple.product-type.application";
		};
/* End PBXNativeTarget section */

/* Begin PBXProject section */
		184AC7A3264BB36000B086AD /* Project object */ = {
			isa = PBXProject;
			attributes = {
				LastSwiftUpdateCheck = 1240;
				LastUpgradeCheck = 1240;
				TargetAttributes = {
					184AC7AA264BB36000B086AD = {
						CreatedOnToolsVersion = 12.4;
					};
				};
			};
			buildConfigurationList = 184AC7A6264BB36000B086AD /* Build configuration list for PBXProject "PropertyApp" */;
			compatibilityVersion = "Xcode 9.3";
			developmentRegion = en;
			hasScannedForEncodings = 0;
			knownRegions = (
				en,
				Base,
			);
			mainGroup = 184AC7A2264BB36000B086AD;
			productRefGroup = 184AC7AC264BB36000B086AD /* Products */;
			projectDirPath = "";
			projectRoot = "";
			targets = (
				184AC7AA264BB36000B086AD /* PropertyApp */,
			);
		};
/* End PBXProject section */

/* Begin PBXResourcesBuildPhase section */
		184AC7A9264BB36000B086AD /* Resources */ = {
			isa = PBXResourcesBuildPhase;
			buildActionMask = 2147483647;
			files = (
				184AC7BB264BB36100B086AD /* LaunchScreen.storyboard in Resources */,
				184AC7B8264BB36100B086AD /* Assets.xcassets in Resources */,
				184AC7B6264BB36000B086AD /* Main.storyboard in Resources */,
			);
			runOnlyForDeploymentPostprocessing = 0;
		};
/* End PBXResourcesBuildPhase section */

/* Begin PBXShellScriptBuildPhase section */
		87D1A0D0016AF522F1101478 /* [CP] Check Pods Manifest.lock */ = {
			isa = PBXShellScriptBuildPhase;
			buildActionMask = 2147483647;
			files = (
			);
			inputFileListPaths = (
			);
			inputPaths = (
				"${PODS_PODFILE_DIR_PATH}/Podfile.lock",
				"${PODS_ROOT}/Manifest.lock",
			);
			name = "[CP] Check Pods Manifest.lock";
			outputFileListPaths = (
			);
			outputPaths = (
				"$(DERIVED_FILE_DIR)/Pods-PropertyApp-checkManifestLockResult.txt",
			);
			runOnlyForDeploymentPostprocessing = 0;
			shellPath = /bin/sh;
			shellScript = "diff \"${PODS_PODFILE_DIR_PATH}/Podfile.lock\" \"${PODS_ROOT}/Manifest.lock\" > /dev/null\nif [ $? != 0 ] ; then\n    # print error to STDERR\n    echo \"error: The sandbox is not in sync with the Podfile.lock. Run 'pod install' or update your CocoaPods installation.\" >&2\n    exit 1\nfi\n# This output is used by Xcode 'outputs' to avoid re-running this script phase.\necho \"SUCCESS\" > \"${SCRIPT_OUTPUT_FILE_0}\"\n";
			showEnvVarsInLog = 0;
		};
		947BB5A80663BFC3AC2C1763 /* [CP] Embed Pods Frameworks */ = {
			isa = PBXShellScriptBuildPhase;
			buildActionMask = 2147483647;
			files = (
			);
			inputFileListPaths = (
				"${PODS_ROOT}/Target Support Files/Pods-PropertyApp/Pods-PropertyApp-frameworks-${CONFIGURATION}-input-files.xcfilelist",
			);
			name = "[CP] Embed Pods Frameworks";
			outputFileListPaths = (
				"${PODS_ROOT}/Target Support Files/Pods-PropertyApp/Pods-PropertyApp-frameworks-${CONFIGURATION}-output-files.xcfilelist",
			);
			runOnlyForDeploymentPostprocessing = 0;
			shellPath = /bin/sh;
			shellScript = "\"${PODS_ROOT}/Target Support Files/Pods-PropertyApp/Pods-PropertyApp-frameworks.sh\"\n";
			showEnvVarsInLog = 0;
		};
/* End PBXShellScriptBuildPhase section */

/* Begin PBXSourcesBuildPhase section */
		184AC7A7264BB36000B086AD /* Sources */ = {
			isa = PBXSourcesBuildPhase;
			buildActionMask = 2147483647;
			files = (
				184AC7D3264BC99B00B086AD /* APIHelper.swift in Sources */,
				184AC7B3264BB36000B086AD /* PropertyListViewController.swift in Sources */,
				18D54FE82652203000E7E78B /* PropertyDetailViewController.swift in Sources */,
				184AC7CB264BBAD600B086AD /* PropertyListResponse.swift in Sources */,
				184AC7E5264CCE5500B086AD /* PropertyListViewModel.swift in Sources */,
				184AC7AF264BB36000B086AD /* AppDelegate.swift in Sources */,
				18D550032652B32000E7E78B /* Box.swift in Sources */,
				184AC7D6264BCAC600B086AD /* Constants.swift in Sources */,
				18D54FE5265218B300E7E78B /* PropertyCollectionCell.swift in Sources */,
				18D54FEE2652612700E7E78B /* PropertyCollectionCellViewModel.swift in Sources */,
				184AC7B1264BB36000B086AD /* SceneDelegate.swift in Sources */,
				184AC7D0264BC97A00B086AD /* NetworkReachability.swift in Sources */,
				18D550152652B6DE00E7E78B /* Extensions.swift in Sources */,
			);
			runOnlyForDeploymentPostprocessing = 0;
		};
/* End PBXSourcesBuildPhase section */

/* Begin PBXVariantGroup section */
		184AC7B4264BB36000B086AD /* Main.storyboard */ = {
			isa = PBXVariantGroup;
			children = (
				184AC7B5264BB36000B086AD /* Base */,
			);
			name = Main.storyboard;
			sourceTree = "<group>";
		};
		184AC7B9264BB36100B086AD /* LaunchScreen.storyboard */ = {
			isa = PBXVariantGroup;
			children = (
				184AC7BA264BB36100B086AD /* Base */,
			);
			name = LaunchScreen.storyboard;
			sourceTree = "<group>";
		};
/* End PBXVariantGroup section */

/* Begin XCBuildConfiguration section */
		184AC7BD264BB36100B086AD /* Debug */ = {
			isa = XCBuildConfiguration;
			buildSettings = {
				ALWAYS_SEARCH_USER_PATHS = NO;
				CLANG_ANALYZER_NONNULL = YES;
				CLANG_ANALYZER_NUMBER_OBJECT_CONVERSION = YES_AGGRESSIVE;
				CLANG_CXX_LANGUAGE_STANDARD = "gnu++14";
				CLANG_CXX_LIBRARY = "libc++";
				CLANG_ENABLE_MODULES = YES;
				CLANG_ENABLE_OBJC_ARC = YES;
				CLANG_ENABLE_OBJC_WEAK = YES;
				CLANG_WARN_BLOCK_CAPTURE_AUTORELEASING = YES;
				CLANG_WARN_BOOL_CONVERSION = YES;
				CLANG_WARN_COMMA = YES;
				CLANG_WARN_CONSTANT_CONVERSION = YES;
				CLANG_WARN_DEPRECATED_OBJC_IMPLEMENTATIONS = YES;
				CLANG_WARN_DIRECT_OBJC_ISA_USAGE = YES_ERROR;
				CLANG_WARN_DOCUMENTATION_COMMENTS = YES;
				CLANG_WARN_EMPTY_BODY = YES;
				CLANG_WARN_ENUM_CONVERSION = YES;
				CLANG_WARN_INFINITE_RECURSION = YES;
				CLANG_WARN_INT_CONVERSION = YES;
				CLANG_WARN_NON_LITERAL_NULL_CONVERSION = YES;
				CLANG_WARN_OBJC_IMPLICIT_RETAIN_SELF = YES;
				CLANG_WARN_OBJC_LITERAL_CONVERSION = YES;
				CLANG_WARN_OBJC_ROOT_CLASS = YES_ERROR;
				CLANG_WARN_QUOTED_INCLUDE_IN_FRAMEWORK_HEADER = YES;
				CLANG_WARN_RANGE_LOOP_ANALYSIS = YES;
				CLANG_WARN_STRICT_PROTOTYPES = YES;
				CLANG_WARN_SUSPICIOUS_MOVE = YES;
				CLANG_WARN_UNGUARDED_AVAILABILITY = YES_AGGRESSIVE;
				CLANG_WARN_UNREACHABLE_CODE = YES;
				CLANG_WARN__DUPLICATE_METHOD_MATCH = YES;
				COPY_PHASE_STRIP = NO;
				DEBUG_INFORMATION_FORMAT = dwarf;
				ENABLE_STRICT_OBJC_MSGSEND = YES;
				ENABLE_TESTABILITY = YES;
				GCC_C_LANGUAGE_STANDARD = gnu11;
				GCC_DYNAMIC_NO_PIC = NO;
				GCC_NO_COMMON_BLOCKS = YES;
				GCC_OPTIMIZATION_LEVEL = 0;
				GCC_PREPROCESSOR_DEFINITIONS = (
					"DEBUG=1",
					"$(inherited)",
				);
				GCC_WARN_64_TO_32_BIT_CONVERSION = YES;
				GCC_WARN_ABOUT_RETURN_TYPE = YES_ERROR;
				GCC_WARN_UNDECLARED_SELECTOR = YES;
				GCC_WARN_UNINITIALIZED_AUTOS = YES_AGGRESSIVE;
				GCC_WARN_UNUSED_FUNCTION = YES;
				GCC_WARN_UNUSED_VARIABLE = YES;
				IPHONEOS_DEPLOYMENT_TARGET = 14.4;
				MTL_ENABLE_DEBUG_INFO = INCLUDE_SOURCE;
				MTL_FAST_MATH = YES;
				ONLY_ACTIVE_ARCH = YES;
				SDKROOT = iphoneos;
				SWIFT_ACTIVE_COMPILATION_CONDITIONS = DEBUG;
				SWIFT_OPTIMIZATION_LEVEL = "-Onone";
			};
			name = Debug;
		};
		184AC7BE264BB36100B086AD /* Release */ = {
			isa = XCBuildConfiguration;
			buildSettings = {
				ALWAYS_SEARCH_USER_PATHS = NO;
				CLANG_ANALYZER_NONNULL = YES;
				CLANG_ANALYZER_NUMBER_OBJECT_CONVERSION = YES_AGGRESSIVE;
				CLANG_CXX_LANGUAGE_STANDARD = "gnu++14";
				CLANG_CXX_LIBRARY = "libc++";
				CLANG_ENABLE_MODULES = YES;
				CLANG_ENABLE_OBJC_ARC = YES;
				CLANG_ENABLE_OBJC_WEAK = YES;
				CLANG_WARN_BLOCK_CAPTURE_AUTORELEASING = YES;
				CLANG_WARN_BOOL_CONVERSION = YES;
				CLANG_WARN_COMMA = YES;
				CLANG_WARN_CONSTANT_CONVERSION = YES;
				CLANG_WARN_DEPRECATED_OBJC_IMPLEMENTATIONS = YES;
				CLANG_WARN_DIRECT_OBJC_ISA_USAGE = YES_ERROR;
				CLANG_WARN_DOCUMENTATION_COMMENTS = YES;
				CLANG_WARN_EMPTY_BODY = YES;
				CLANG_WARN_ENUM_CONVERSION = YES;
				CLANG_WARN_INFINITE_RECURSION = YES;
				CLANG_WARN_INT_CONVERSION = YES;
				CLANG_WARN_NON_LITERAL_NULL_CONVERSION = YES;
				CLANG_WARN_OBJC_IMPLICIT_RETAIN_SELF = YES;
				CLANG_WARN_OBJC_LITERAL_CONVERSION = YES;
				CLANG_WARN_OBJC_ROOT_CLASS = YES_ERROR;
				CLANG_WARN_QUOTED_INCLUDE_IN_FRAMEWORK_HEADER = YES;
				CLANG_WARN_RANGE_LOOP_ANALYSIS = YES;
				CLANG_WARN_STRICT_PROTOTYPES = YES;
				CLANG_WARN_SUSPICIOUS_MOVE = YES;
				CLANG_WARN_UNGUARDED_AVAILABILITY = YES_AGGRESSIVE;
				CLANG_WARN_UNREACHABLE_CODE = YES;
				CLANG_WARN__DUPLICATE_METHOD_MATCH = YES;
				COPY_PHASE_STRIP = NO;
				DEBUG_INFORMATION_FORMAT = "dwarf-with-dsym";
				ENABLE_NS_ASSERTIONS = NO;
				ENABLE_STRICT_OBJC_MSGSEND = YES;
				GCC_C_LANGUAGE_STANDARD = gnu11;
				GCC_NO_COMMON_BLOCKS = YES;
				GCC_WARN_64_TO_32_BIT_CONVERSION = YES;
				GCC_WARN_ABOUT_RETURN_TYPE = YES_ERROR;
				GCC_WARN_UNDECLARED_SELECTOR = YES;
				GCC_WARN_UNINITIALIZED_AUTOS = YES_AGGRESSIVE;
				GCC_WARN_UNUSED_FUNCTION = YES;
				GCC_WARN_UNUSED_VARIABLE = YES;
				IPHONEOS_DEPLOYMENT_TARGET = 14.4;
				MTL_ENABLE_DEBUG_INFO = NO;
				MTL_FAST_MATH = YES;
				SDKROOT = iphoneos;
				SWIFT_COMPILATION_MODE = wholemodule;
				SWIFT_OPTIMIZATION_LEVEL = "-O";
				VALIDATE_PRODUCT = YES;
			};
			name = Release;
		};
		184AC7C0264BB36100B086AD /* Debug */ = {
			isa = XCBuildConfiguration;
			baseConfigurationReference = F3FF55BEAB5DC35279BE6982 /* Pods-PropertyApp.debug.xcconfig */;
			buildSettings = {
				ASSETCATALOG_COMPILER_APPICON_NAME = AppIcon;
				ASSETCATALOG_COMPILER_GLOBAL_ACCENT_COLOR_NAME = AccentColor;
				CODE_SIGN_STYLE = Automatic;
				DEVELOPMENT_TEAM = 5QYGC68HU9;
				INFOPLIST_FILE = PropertyApp/Info.plist;
				LD_RUNPATH_SEARCH_PATHS = (
					"$(inherited)",
					"@executable_path/Frameworks",
				);
				PRODUCT_BUNDLE_IDENTIFIER = com.priyagajjar.PropertyApp;
				PRODUCT_NAME = "$(TARGET_NAME)";
				SWIFT_VERSION = 5.0;
				TARGETED_DEVICE_FAMILY = "1,2";
			};
			name = Debug;
		};
		184AC7C1264BB36100B086AD /* Release */ = {
			isa = XCBuildConfiguration;
			baseConfigurationReference = 62EC805594EEF349C334EC7F /* Pods-PropertyApp.release.xcconfig */;
			buildSettings = {
				ASSETCATALOG_COMPILER_APPICON_NAME = AppIcon;
				ASSETCATALOG_COMPILER_GLOBAL_ACCENT_COLOR_NAME = AccentColor;
				CODE_SIGN_STYLE = Automatic;
				DEVELOPMENT_TEAM = 5QYGC68HU9;
				INFOPLIST_FILE = PropertyApp/Info.plist;
				LD_RUNPATH_SEARCH_PATHS = (
					"$(inherited)",
					"@executable_path/Frameworks",
				);
				PRODUCT_BUNDLE_IDENTIFIER = com.priyagajjar.PropertyApp;
				PRODUCT_NAME = "$(TARGET_NAME)";
				SWIFT_VERSION = 5.0;
				TARGETED_DEVICE_FAMILY = "1,2";
			};
			name = Release;
		};
/* End XCBuildConfiguration section */

/* Begin XCConfigurationList section */
		184AC7A6264BB36000B086AD /* Build configuration list for PBXProject "PropertyApp" */ = {
			isa = XCConfigurationList;
			buildConfigurations = (
				184AC7BD264BB36100B086AD /* Debug */,
				184AC7BE264BB36100B086AD /* Release */,
			);
			defaultConfigurationIsVisible = 0;
			defaultConfigurationName = Release;
		};
		184AC7BF264BB36100B086AD /* Build configuration list for PBXNativeTarget "PropertyApp" */ = {
			isa = XCConfigurationList;
			buildConfigurations = (
				184AC7C0264BB36100B086AD /* Debug */,
				184AC7C1264BB36100B086AD /* Release */,
			);
			defaultConfigurationIsVisible = 0;
			defaultConfigurationName = Release;
		};
/* End XCConfigurationList section */
	};
	rootObject = 184AC7A3264BB36000B086AD /* Project object */;
}
